
Microsoft Visual Studio Solution File, Format Version 12.00
# Visual Studio 14
VisualStudioVersion = 14.0.25123.0
MinimumVisualStudioVersion = 10.0.40219.1
Project("{FAE04EC0-301F-11D3-BF4B-00C04F79EFBC}") = "HomeHub.Service.Web", "..\..\Source\Backend\HomeHub.Service.Web\HomeHub.Service.Web.csproj", "{D87956DB-E341-4644-9856-9F9CCA12D77C}"
EndProject
Project("{00D1A9C2-B5F0-4AF3-8072-F6C62B433612}") = "HomeHub.Sql", "..\..\Source\Backend\HomeHub.Sql\HomeHub.Sql.sqlproj", "{DC32C7EB-9FA7-4110-889C-74DEF0A0D5A1}"
EndProject
Project("{FAE04EC0-301F-11D3-BF4B-00C04F79EFBC}") = "HomeHub.Common", "..\..\Source\Common\HomeHub.Common\HomeHub.Common.csproj", "{548DFDAD-2214-4BD5-9CE6-C3264E4089AB}"
EndProject
Project("{FAE04EC0-301F-11D3-BF4B-00C04F79EFBC}") = "HomeHub.Data.Common", "..\..\Source\Backend\HomeHub.Data.Common\HomeHub.Data.Common.csproj", "{1799EE42-505B-4B16-AB01-4C2C57D28EE1}"
EndProject
Project("{FAE04EC0-301F-11D3-BF4B-00C04F79EFBC}") = "HomeHub.Data.Sql", "..\..\Source\Backend\HomeHub.Data.Sql\HomeHub.Data.Sql.csproj", "{E768475E-347E-401F-89F5-05C7E8B87032}"
EndProject
Project("{FAE04EC0-301F-11D3-BF4B-00C04F79EFBC}") = "HomeHub.Service.Common", "..\..\Source\Backend\HomeHub.Service.Common\HomeHub.Service.Common.csproj", "{9AD27AB4-D504-479D-BDA6-6DBB3A5C8BC7}"
EndProject
Project("{FAE04EC0-301F-11D3-BF4B-00C04F79EFBC}") = "HomeHub.Adapters.Common", "..\..\Source\Backend\HomeHub.Adapters\HomeHub.Adapters.Common\HomeHub.Adapters.Common.csproj", "{ED7C6681-B4F7-4DB7-9DAA-7183BBDAEC3F}"
EndProject
Project("{FAE04EC0-301F-11D3-BF4B-00C04F79EFBC}") = "HomeHub.Adapters.Lifx", "..\..\Source\Backend\HomeHub.Adapters\HomeHub.Adapters.Lifx\HomeHub.Adapters.Lifx.csproj", "{50E2BD4A-4BB7-42DE-997A-E807F253D46F}"
EndProject
Global
	GlobalSection(SolutionConfigurationPlatforms) = preSolution
		Debug|Any CPU = Debug|Any CPU
		Debug|ARM = Debug|ARM
		Debug|x64 = Debug|x64
		Debug|x86 = Debug|x86
		Release|Any CPU = Release|Any CPU
		Release|ARM = Release|ARM
		Release|x64 = Release|x64
		Release|x86 = Release|x86
	EndGlobalSection
	GlobalSection(ProjectConfigurationPlatforms) = postSolution
		{D87956DB-E341-4644-9856-9F9CCA12D77C}.Debug|Any CPU.ActiveCfg = Debug|Any CPU
		{D87956DB-E341-4644-9856-9F9CCA12D77C}.Debug|Any CPU.Build.0 = Debug|Any CPU
		{D87956DB-E341-4644-9856-9F9CCA12D77C}.Debug|ARM.ActiveCfg = Debug|Any CPU
		{D87956DB-E341-4644-9856-9F9CCA12D77C}.Debug|ARM.Build.0 = Debug|Any CPU
		{D87956DB-E341-4644-9856-9F9CCA12D77C}.Debug|x64.ActiveCfg = Debug|Any CPU
		{D87956DB-E341-4644-9856-9F9CCA12D77C}.Debug|x64.Build.0 = Debug|Any CPU
		{D87956DB-E341-4644-9856-9F9CCA12D77C}.Debug|x86.ActiveCfg = Debug|Any CPU
		{D87956DB-E341-4644-9856-9F9CCA12D77C}.Debug|x86.Build.0 = Debug|Any CPU
		{D87956DB-E341-4644-9856-9F9CCA12D77C}.Release|Any CPU.ActiveCfg = Release|Any CPU
		{D87956DB-E341-4644-9856-9F9CCA12D77C}.Release|Any CPU.Build.0 = Release|Any CPU
		{D87956DB-E341-4644-9856-9F9CCA12D77C}.Release|ARM.ActiveCfg = Release|Any CPU
		{D87956DB-E341-4644-9856-9F9CCA12D77C}.Release|ARM.Build.0 = Release|Any CPU
		{D87956DB-E341-4644-9856-9F9CCA12D77C}.Release|x64.ActiveCfg = Release|Any CPU
		{D87956DB-E341-4644-9856-9F9CCA12D77C}.Release|x64.Build.0 = Release|Any CPU
		{D87956DB-E341-4644-9856-9F9CCA12D77C}.Release|x86.ActiveCfg = Release|Any CPU
		{D87956DB-E341-4644-9856-9F9CCA12D77C}.Release|x86.Build.0 = Release|Any CPU
		{DC32C7EB-9FA7-4110-889C-74DEF0A0D5A1}.Debug|Any CPU.ActiveCfg = Debug|Any CPU
		{DC32C7EB-9FA7-4110-889C-74DEF0A0D5A1}.Debug|Any CPU.Build.0 = Debug|Any CPU
		{DC32C7EB-9FA7-4110-889C-74DEF0A0D5A1}.Debug|Any CPU.Deploy.0 = Debug|Any CPU
		{DC32C7EB-9FA7-4110-889C-74DEF0A0D5A1}.Debug|ARM.ActiveCfg = Debug|Any CPU
		{DC32C7EB-9FA7-4110-889C-74DEF0A0D5A1}.Debug|ARM.Build.0 = Debug|Any CPU
		{DC32C7EB-9FA7-4110-889C-74DEF0A0D5A1}.Debug|ARM.Deploy.0 = Debug|Any CPU
		{DC32C7EB-9FA7-4110-889C-74DEF0A0D5A1}.Debug|x64.ActiveCfg = Debug|Any CPU
		{DC32C7EB-9FA7-4110-889C-74DEF0A0D5A1}.Debug|x64.Build.0 = Debug|Any CPU
		{DC32C7EB-9FA7-4110-889C-74DEF0A0D5A1}.Debug|x64.Deploy.0 = Debug|Any CPU
		{DC32C7EB-9FA7-4110-889C-74DEF0A0D5A1}.Debug|x86.ActiveCfg = Debug|Any CPU
		{DC32C7EB-9FA7-4110-889C-74DEF0A0D5A1}.Debug|x86.Build.0 = Debug|Any CPU
		{DC32C7EB-9FA7-4110-889C-74DEF0A0D5A1}.Debug|x86.Deploy.0 = Debug|Any CPU
		{DC32C7EB-9FA7-4110-889C-74DEF0A0D5A1}.Release|Any CPU.ActiveCfg = Release|Any CPU
		{DC32C7EB-9FA7-4110-889C-74DEF0A0D5A1}.Release|Any CPU.Build.0 = Release|Any CPU
		{DC32C7EB-9FA7-4110-889C-74DEF0A0D5A1}.Release|Any CPU.Deploy.0 = Release|Any CPU
		{DC32C7EB-9FA7-4110-889C-74DEF0A0D5A1}.Release|ARM.ActiveCfg = Release|Any CPU
		{DC32C7EB-9FA7-4110-889C-74DEF0A0D5A1}.Release|ARM.Build.0 = Release|Any CPU
		{DC32C7EB-9FA7-4110-889C-74DEF0A0D5A1}.Release|ARM.Deploy.0 = Release|Any CPU
		{DC32C7EB-9FA7-4110-889C-74DEF0A0D5A1}.Release|x64.ActiveCfg = Release|Any CPU
		{DC32C7EB-9FA7-4110-889C-74DEF0A0D5A1}.Release|x64.Build.0 = Release|Any CPU
		{DC32C7EB-9FA7-4110-889C-74DEF0A0D5A1}.Release|x64.Deploy.0 = Release|Any CPU
		{DC32C7EB-9FA7-4110-889C-74DEF0A0D5A1}.Release|x86.ActiveCfg = Release|Any CPU
		{DC32C7EB-9FA7-4110-889C-74DEF0A0D5A1}.Release|x86.Build.0 = Release|Any CPU
		{DC32C7EB-9FA7-4110-889C-74DEF0A0D5A1}.Release|x86.Deploy.0 = Release|Any CPU
		{548DFDAD-2214-4BD5-9CE6-C3264E4089AB}.Debug|Any CPU.ActiveCfg = Debug|Any CPU
		{548DFDAD-2214-4BD5-9CE6-C3264E4089AB}.Debug|Any CPU.Build.0 = Debug|Any CPU
		{548DFDAD-2214-4BD5-9CE6-C3264E4089AB}.Debug|ARM.ActiveCfg = Debug|Any CPU
		{548DFDAD-2214-4BD5-9CE6-C3264E4089AB}.Debug|ARM.Build.0 = Debug|Any CPU
		{548DFDAD-2214-4BD5-9CE6-C3264E4089AB}.Debug|x64.ActiveCfg = Debug|Any CPU
		{548DFDAD-2214-4BD5-9CE6-C3264E4089AB}.Debug|x64.Build.0 = Debug|Any CPU
		{548DFDAD-2214-4BD5-9CE6-C3264E4089AB}.Debug|x86.ActiveCfg = Debug|Any CPU
		{548DFDAD-2214-4BD5-9CE6-C3264E4089AB}.Debug|x86.Build.0 = Debug|Any CPU
		{548DFDAD-2214-4BD5-9CE6-C3264E4089AB}.Release|Any CPU.ActiveCfg = Release|Any CPU
		{548DFDAD-2214-4BD5-9CE6-C3264E4089AB}.Release|Any CPU.Build.0 = Release|Any CPU
		{548DFDAD-2214-4BD5-9CE6-C3264E4089AB}.Release|ARM.ActiveCfg = Release|Any CPU
		{548DFDAD-2214-4BD5-9CE6-C3264E4089AB}.Release|ARM.Build.0 = Release|Any CPU
		{548DFDAD-2214-4BD5-9CE6-C3264E4089AB}.Release|x64.ActiveCfg = Release|Any CPU
		{548DFDAD-2214-4BD5-9CE6-C3264E4089AB}.Release|x64.Build.0 = Release|Any CPU
		{548DFDAD-2214-4BD5-9CE6-C3264E4089AB}.Release|x86.ActiveCfg = Release|Any CPU
		{548DFDAD-2214-4BD5-9CE6-C3264E4089AB}.Release|x86.Build.0 = Release|Any CPU
		{1799EE42-505B-4B16-AB01-4C2C57D28EE1}.Debug|Any CPU.ActiveCfg = Debug|Any CPU
		{1799EE42-505B-4B16-AB01-4C2C57D28EE1}.Debug|Any CPU.Build.0 = Debug|Any CPU
		{1799EE42-505B-4B16-AB01-4C2C57D28EE1}.Debug|ARM.ActiveCfg = Debug|Any CPU
		{1799EE42-505B-4B16-AB01-4C2C57D28EE1}.Debug|ARM.Build.0 = Debug|Any CPU
		{1799EE42-505B-4B16-AB01-4C2C57D28EE1}.Debug|x64.ActiveCfg = Debug|Any CPU
		{1799EE42-505B-4B16-AB01-4C2C57D28EE1}.Debug|x64.Build.0 = Debug|Any CPU
		{1799EE42-505B-4B16-AB01-4C2C57D28EE1}.Debug|x86.ActiveCfg = Debug|Any CPU
		{1799EE42-505B-4B16-AB01-4C2C57D28EE1}.Debug|x86.Build.0 = Debug|Any CPU
		{1799EE42-505B-4B16-AB01-4C2C57D28EE1}.Release|Any CPU.ActiveCfg = Release|Any CPU
		{1799EE42-505B-4B16-AB01-4C2C57D28EE1}.Release|Any CPU.Build.0 = Release|Any CPU
		{1799EE42-505B-4B16-AB01-4C2C57D28EE1}.Release|ARM.ActiveCfg = Release|Any CPU
		{1799EE42-505B-4B16-AB01-4C2C57D28EE1}.Release|ARM.Build.0 = Release|Any CPU
		{1799EE42-505B-4B16-AB01-4C2C57D28EE1}.Release|x64.ActiveCfg = Release|Any CPU
		{1799EE42-505B-4B16-AB01-4C2C57D28EE1}.Release|x64.Build.0 = Release|Any CPU
		{1799EE42-505B-4B16-AB01-4C2C57D28EE1}.Release|x86.ActiveCfg = Release|Any CPU
		{1799EE42-505B-4B16-AB01-4C2C57D28EE1}.Release|x86.Build.0 = Release|Any CPU
		{E768475E-347E-401F-89F5-05C7E8B87032}.Debug|Any CPU.ActiveCfg = Debug|Any CPU
		{E768475E-347E-401F-89F5-05C7E8B87032}.Debug|Any CPU.Build.0 = Debug|Any CPU
		{E768475E-347E-401F-89F5-05C7E8B87032}.Debug|ARM.ActiveCfg = Debug|Any CPU
		{E768475E-347E-401F-89F5-05C7E8B87032}.Debug|ARM.Build.0 = Debug|Any CPU
		{E768475E-347E-401F-89F5-05C7E8B87032}.Debug|x64.ActiveCfg = Debug|Any CPU
		{E768475E-347E-401F-89F5-05C7E8B87032}.Debug|x64.Build.0 = Debug|Any CPU
		{E768475E-347E-401F-89F5-05C7E8B87032}.Debug|x86.ActiveCfg = Debug|Any CPU
		{E768475E-347E-401F-89F5-05C7E8B87032}.Debug|x86.Build.0 = Debug|Any CPU
		{E768475E-347E-401F-89F5-05C7E8B87032}.Release|Any CPU.ActiveCfg = Release|Any CPU
		{E768475E-347E-401F-89F5-05C7E8B87032}.Release|Any CPU.Build.0 = Release|Any CPU
		{E768475E-347E-401F-89F5-05C7E8B87032}.Release|ARM.ActiveCfg = Release|Any CPU
		{E768475E-347E-401F-89F5-05C7E8B87032}.Release|ARM.Build.0 = Release|Any CPU
		{E768475E-347E-401F-89F5-05C7E8B87032}.Release|x64.ActiveCfg = Release|Any CPU
		{E768475E-347E-401F-89F5-05C7E8B87032}.Release|x64.Build.0 = Release|Any CPU
		{E768475E-347E-401F-89F5-05C7E8B87032}.Release|x86.ActiveCfg = Release|Any CPU
		{E768475E-347E-401F-89F5-05C7E8B87032}.Release|x86.Build.0 = Release|Any CPU
		{9AD27AB4-D504-479D-BDA6-6DBB3A5C8BC7}.Debug|Any CPU.ActiveCfg = Debug|Any CPU
		{9AD27AB4-D504-479D-BDA6-6DBB3A5C8BC7}.Debug|Any CPU.Build.0 = Debug|Any CPU
		{9AD27AB4-D504-479D-BDA6-6DBB3A5C8BC7}.Debug|ARM.ActiveCfg = Debug|Any CPU
		{9AD27AB4-D504-479D-BDA6-6DBB3A5C8BC7}.Debug|ARM.Build.0 = Debug|Any CPU
		{9AD27AB4-D504-479D-BDA6-6DBB3A5C8BC7}.Debug|x64.ActiveCfg = Debug|Any CPU
		{9AD27AB4-D504-479D-BDA6-6DBB3A5C8BC7}.Debug|x64.Build.0 = Debug|Any CPU
		{9AD27AB4-D504-479D-BDA6-6DBB3A5C8BC7}.Debug|x86.ActiveCfg = Debug|Any CPU
		{9AD27AB4-D504-479D-BDA6-6DBB3A5C8BC7}.Debug|x86.Build.0 = Debug|Any CPU
		{9AD27AB4-D504-479D-BDA6-6DBB3A5C8BC7}.Release|Any CPU.ActiveCfg = Release|Any CPU
		{9AD27AB4-D504-479D-BDA6-6DBB3A5C8BC7}.Release|Any CPU.Build.0 = Release|Any CPU
		{9AD27AB4-D504-479D-BDA6-6DBB3A5C8BC7}.Release|ARM.ActiveCfg = Release|Any CPU
		{9AD27AB4-D504-479D-BDA6-6DBB3A5C8BC7}.Release|ARM.Build.0 = Release|Any CPU
		{9AD27AB4-D504-479D-BDA6-6DBB3A5C8BC7}.Release|x64.ActiveCfg = Release|Any CPU
		{9AD27AB4-D504-479D-BDA6-6DBB3A5C8BC7}.Release|x64.Build.0 = Release|Any CPU
		{9AD27AB4-D504-479D-BDA6-6DBB3A5C8BC7}.Release|x86.ActiveCfg = Release|Any CPU
		{9AD27AB4-D504-479D-BDA6-6DBB3A5C8BC7}.Release|x86.Build.0 = Release|Any CPU
		{ED7C6681-B4F7-4DB7-9DAA-7183BBDAEC3F}.Debug|Any CPU.ActiveCfg = Debug|Any CPU
		{ED7C6681-B4F7-4DB7-9DAA-7183BBDAEC3F}.Debug|Any CPU.Build.0 = Debug|Any CPU
		{ED7C6681-B4F7-4DB7-9DAA-7183BBDAEC3F}.Debug|ARM.ActiveCfg = Debug|Any CPU
		{ED7C6681-B4F7-4DB7-9DAA-7183BBDAEC3F}.Debug|ARM.Build.0 = Debug|Any CPU
		{ED7C6681-B4F7-4DB7-9DAA-7183BBDAEC3F}.Debug|x64.ActiveCfg = Debug|Any CPU
		{ED7C6681-B4F7-4DB7-9DAA-7183BBDAEC3F}.Debug|x64.Build.0 = Debug|Any CPU
		{ED7C6681-B4F7-4DB7-9DAA-7183BBDAEC3F}.Debug|x86.ActiveCfg = Debug|Any CPU
		{ED7C6681-B4F7-4DB7-9DAA-7183BBDAEC3F}.Debug|x86.Build.0 = Debug|Any CPU
		{ED7C6681-B4F7-4DB7-9DAA-7183BBDAEC3F}.Release|Any CPU.ActiveCfg = Release|Any CPU
		{ED7C6681-B4F7-4DB7-9DAA-7183BBDAEC3F}.Release|Any CPU.Build.0 = Release|Any CPU
		{ED7C6681-B4F7-4DB7-9DAA-7183BBDAEC3F}.Release|ARM.ActiveCfg = Release|Any CPU
		{ED7C6681-B4F7-4DB7-9DAA-7183BBDAEC3F}.Release|ARM.Build.0 = Release|Any CPU
		{ED7C6681-B4F7-4DB7-9DAA-7183BBDAEC3F}.Release|x64.ActiveCfg = Release|Any CPU
		{ED7C6681-B4F7-4DB7-9DAA-7183BBDAEC3F}.Release|x64.Build.0 = Release|Any CPU
		{ED7C6681-B4F7-4DB7-9DAA-7183BBDAEC3F}.Release|x86.ActiveCfg = Release|Any CPU
		{ED7C6681-B4F7-4DB7-9DAA-7183BBDAEC3F}.Release|x86.Build.0 = Release|Any CPU
		{50E2BD4A-4BB7-42DE-997A-E807F253D46F}.Debug|Any CPU.ActiveCfg = Debug|Any CPU
		{50E2BD4A-4BB7-42DE-997A-E807F253D46F}.Debug|Any CPU.Build.0 = Debug|Any CPU
		{50E2BD4A-4BB7-42DE-997A-E807F253D46F}.Debug|ARM.ActiveCfg = Debug|Any CPU
		{50E2BD4A-4BB7-42DE-997A-E807F253D46F}.Debug|ARM.Build.0 = Debug|Any CPU
		{50E2BD4A-4BB7-42DE-997A-E807F253D46F}.Debug|x64.ActiveCfg = Debug|Any CPU
		{50E2BD4A-4BB7-42DE-997A-E807F253D46F}.Debug|x64.Build.0 = Debug|Any CPU
		{50E2BD4A-4BB7-42DE-997A-E807F253D46F}.Debug|x86.ActiveCfg = Debug|Any CPU
		{50E2BD4A-4BB7-42DE-997A-E807F253D46F}.Debug|x86.Build.0 = Debug|Any CPU
		{50E2BD4A-4BB7-42DE-997A-E807F253D46F}.Release|Any CPU.ActiveCfg = Release|Any CPU
		{50E2BD4A-4BB7-42DE-997A-E807F253D46F}.Release|Any CPU.Build.0 = Release|Any CPU
		{50E2BD4A-4BB7-42DE-997A-E807F253D46F}.Release|ARM.ActiveCfg = Release|Any CPU
		{50E2BD4A-4BB7-42DE-997A-E807F253D46F}.Release|ARM.Build.0 = Release|Any CPU
		{50E2BD4A-4BB7-42DE-997A-E807F253D46F}.Release|x64.ActiveCfg = Release|Any CPU
		{50E2BD4A-4BB7-42DE-997A-E807F253D46F}.Release|x64.Build.0 = Release|Any CPU
		{50E2BD4A-4BB7-42DE-997A-E807F253D46F}.Release|x86.ActiveCfg = Release|Any CPU
		{50E2BD4A-4BB7-42DE-997A-E807F253D46F}.Release|x86.Build.0 = Release|Any CPU
	EndGlobalSection
	GlobalSection(SolutionProperties) = preSolution
		HideSolutionNode = FALSE
	EndGlobalSection
EndGlobal
