
Microsoft Visual Studio Solution File, Format Version 12.00
# Visual Studio 14
VisualStudioVersion = 14.0.25123.0
MinimumVisualStudioVersion = 10.0.40219.1
Project("{FAE04EC0-301F-11D3-BF4B-00C04F79EFBC}") = "HomeHub.Service.Web", "..\..\Source\Backend\HomeHub.Service.Web\HomeHub.Service.Web.csproj", "{D87956DB-E341-4644-9856-9F9CCA12D77C}"
EndProject
Project("{00D1A9C2-B5F0-4AF3-8072-F6C62B433612}") = "HomeHub.Sql", "..\..\Source\Backend\HomeHub.Sql\HomeHub.Sql.sqlproj", "{DC32C7EB-9FA7-4110-889C-74DEF0A0D5A1}"
EndProject
Project("{FAE04EC0-301F-11D3-BF4B-00C04F79EFBC}") = "HomeHub.Common", "..\..\Source\Common\HomeHub.Common\HomeHub.Common.csproj", "{548DFDAD-2214-4BD5-9CE6-C3264E4089AB}"
EndProject
Project("{FAE04EC0-301F-11D3-BF4B-00C04F79EFBC}") = "HomeHub.Data.Common", "..\..\Source\Backend\HomeHub.Data.Common\HomeHub.Data.Common.csproj", "{1799EE42-505B-4B16-AB01-4C2C57D28EE1}"
EndProject
Project("{FAE04EC0-301F-11D3-BF4B-00C04F79EFBC}") = "HomeHub.Data.Sql", "..\..\Source\Backend\HomeHub.Data.Sql\HomeHub.Data.Sql.csproj", "{E768475E-347E-401F-89F5-05C7E8B87032}"
EndProject
Project("{FAE04EC0-301F-11D3-BF4B-00C04F79EFBC}") = "HomeHub.Service.Common", "..\..\Source\Backend\HomeHub.Service.Common\HomeHub.Service.Common.csproj", "{9AD27AB4-D504-479D-BDA6-6DBB3A5C8BC7}"
EndProject
Project("{FAE04EC0-301F-11D3-BF4B-00C04F79EFBC}") = "HomeHub.Adapters.Common", "..\..\Source\Backend\HomeHub.Adapters\HomeHub.Adapters.Common\HomeHub.Adapters.Common.csproj", "{ED7C6681-B4F7-4DB7-9DAA-7183BBDAEC3F}"
EndProject
Project("{FAE04EC0-301F-11D3-BF4B-00C04F79EFBC}") = "HomeHub.Adapters.Lifx", "..\..\Source\Backend\HomeHub.Adapters\HomeHub.Adapters.Lifx\HomeHub.Adapters.Lifx.csproj", "{50E2BD4A-4BB7-42DE-997A-E807F253D46F}"
EndProject
Project("{FAE04EC0-301F-11D3-BF4B-00C04F79EFBC}") = "HomeHub.Common.Security", "..\..\Source\Common\HomeHub.Common.Security\HomeHub.Common.Security.csproj", "{E3D3BF71-3125-4C13-9559-3ADF7787DBFB}"
EndProject
Project("{FAE04EC0-301F-11D3-BF4B-00C04F79EFBC}") = "HomeHub.Common.Security.Test", "..\..\Test\HomeHub.Common.Security.Test\HomeHub.Common.Security.Test.csproj", "{7BD2CFC2-76B3-4A2C-B40A-AB4FFF21E5EB}"
EndProject
Project("{FAE04EC0-301F-11D3-BF4B-00C04F79EFBC}") = "HomeHub.Administration.Service", "..\..\Source\Backend\HomeHub.Administration.Service\HomeHub.Administration.Service.csproj", "{FB30A687-6C77-4B84-B9DE-FFCF21CFBC30}"
EndProject
Project("{FAE04EC0-301F-11D3-BF4B-00C04F79EFBC}") = "HomeHub.Administration.Common", "..\..\Source\Backend\HomeHub.Administration.Common\HomeHub.Administration.Common.csproj", "{794C6976-6673-4C05-B329-72DF6BD6F26B}"
EndProject
Project("{FAE04EC0-301F-11D3-BF4B-00C04F79EFBC}") = "HomeHub.Administration.Client", "..\..\Source\Client\HomeHub.Administration.Client\HomeHub.Administration.Client.csproj", "{5FF0CD97-5644-4CCE-86B0-E7BFEBFCBF92}"
EndProject
Project("{FAE04EC0-301F-11D3-BF4B-00C04F79EFBC}") = "AdminTester", "AdminTester\AdminTester.csproj", "{198B65EF-4970-47A1-A151-6ABED93B19C5}"
EndProject
Global
	GlobalSection(SolutionConfigurationPlatforms) = preSolution
		Debug|Any CPU = Debug|Any CPU
		Debug|ARM = Debug|ARM
		Debug|x64 = Debug|x64
		Debug|x86 = Debug|x86
		Release|Any CPU = Release|Any CPU
		Release|ARM = Release|ARM
		Release|x64 = Release|x64
		Release|x86 = Release|x86
	EndGlobalSection
	GlobalSection(ProjectConfigurationPlatforms) = postSolution
		{D87956DB-E341-4644-9856-9F9CCA12D77C}.Debug|Any CPU.ActiveCfg = Debug|Any CPU
		{D87956DB-E341-4644-9856-9F9CCA12D77C}.Debug|Any CPU.Build.0 = Debug|Any CPU
		{D87956DB-E341-4644-9856-9F9CCA12D77C}.Debug|ARM.ActiveCfg = Debug|Any CPU
		{D87956DB-E341-4644-9856-9F9CCA12D77C}.Debug|ARM.Build.0 = Debug|Any CPU
		{D87956DB-E341-4644-9856-9F9CCA12D77C}.Debug|x64.ActiveCfg = Debug|Any CPU
		{D87956DB-E341-4644-9856-9F9CCA12D77C}.Debug|x64.Build.0 = Debug|Any CPU
		{D87956DB-E341-4644-9856-9F9CCA12D77C}.Debug|x86.ActiveCfg = Debug|Any CPU
		{D87956DB-E341-4644-9856-9F9CCA12D77C}.Debug|x86.Build.0 = Debug|Any CPU
		{D87956DB-E341-4644-9856-9F9CCA12D77C}.Release|Any CPU.ActiveCfg = Release|Any CPU
		{D87956DB-E341-4644-9856-9F9CCA12D77C}.Release|Any CPU.Build.0 = Release|Any CPU
		{D87956DB-E341-4644-9856-9F9CCA12D77C}.Release|ARM.ActiveCfg = Release|Any CPU
		{D87956DB-E341-4644-9856-9F9CCA12D77C}.Release|ARM.Build.0 = Release|Any CPU
		{D87956DB-E341-4644-9856-9F9CCA12D77C}.Release|x64.ActiveCfg = Release|Any CPU
		{D87956DB-E341-4644-9856-9F9CCA12D77C}.Release|x64.Build.0 = Release|Any CPU
		{D87956DB-E341-4644-9856-9F9CCA12D77C}.Release|x86.ActiveCfg = Release|Any CPU
		{D87956DB-E341-4644-9856-9F9CCA12D77C}.Release|x86.Build.0 = Release|Any CPU
		{DC32C7EB-9FA7-4110-889C-74DEF0A0D5A1}.Debug|Any CPU.ActiveCfg = Debug|Any CPU
		{DC32C7EB-9FA7-4110-889C-74DEF0A0D5A1}.Debug|Any CPU.Build.0 = Debug|Any CPU
		{DC32C7EB-9FA7-4110-889C-74DEF0A0D5A1}.Debug|Any CPU.Deploy.0 = Debug|Any CPU
		{DC32C7EB-9FA7-4110-889C-74DEF0A0D5A1}.Debug|ARM.ActiveCfg = Debug|Any CPU
		{DC32C7EB-9FA7-4110-889C-74DEF0A0D5A1}.Debug|ARM.Build.0 = Debug|Any CPU
		{DC32C7EB-9FA7-4110-889C-74DEF0A0D5A1}.Debug|ARM.Deploy.0 = Debug|Any CPU
		{DC32C7EB-9FA7-4110-889C-74DEF0A0D5A1}.Debug|x64.ActiveCfg = Debug|Any CPU
		{DC32C7EB-9FA7-4110-889C-74DEF0A0D5A1}.Debug|x64.Build.0 = Debug|Any CPU
		{DC32C7EB-9FA7-4110-889C-74DEF0A0D5A1}.Debug|x64.Deploy.0 = Debug|Any CPU
		{DC32C7EB-9FA7-4110-889C-74DEF0A0D5A1}.Debug|x86.ActiveCfg = Debug|Any CPU
		{DC32C7EB-9FA7-4110-889C-74DEF0A0D5A1}.Debug|x86.Build.0 = Debug|Any CPU
		{DC32C7EB-9FA7-4110-889C-74DEF0A0D5A1}.Debug|x86.Deploy.0 = Debug|Any CPU
		{DC32C7EB-9FA7-4110-889C-74DEF0A0D5A1}.Release|Any CPU.ActiveCfg = Release|Any CPU
		{DC32C7EB-9FA7-4110-889C-74DEF0A0D5A1}.Release|Any CPU.Build.0 = Release|Any CPU
		{DC32C7EB-9FA7-4110-889C-74DEF0A0D5A1}.Release|Any CPU.Deploy.0 = Release|Any CPU
		{DC32C7EB-9FA7-4110-889C-74DEF0A0D5A1}.Release|ARM.ActiveCfg = Release|Any CPU
		{DC32C7EB-9FA7-4110-889C-74DEF0A0D5A1}.Release|ARM.Build.0 = Release|Any CPU
		{DC32C7EB-9FA7-4110-889C-74DEF0A0D5A1}.Release|ARM.Deploy.0 = Release|Any CPU
		{DC32C7EB-9FA7-4110-889C-74DEF0A0D5A1}.Release|x64.ActiveCfg = Release|Any CPU
		{DC32C7EB-9FA7-4110-889C-74DEF0A0D5A1}.Release|x64.Build.0 = Release|Any CPU
		{DC32C7EB-9FA7-4110-889C-74DEF0A0D5A1}.Release|x64.Deploy.0 = Release|Any CPU
		{DC32C7EB-9FA7-4110-889C-74DEF0A0D5A1}.Release|x86.ActiveCfg = Release|Any CPU
		{DC32C7EB-9FA7-4110-889C-74DEF0A0D5A1}.Release|x86.Build.0 = Release|Any CPU
		{DC32C7EB-9FA7-4110-889C-74DEF0A0D5A1}.Release|x86.Deploy.0 = Release|Any CPU
		{548DFDAD-2214-4BD5-9CE6-C3264E4089AB}.Debug|Any CPU.ActiveCfg = Debug|Any CPU
		{548DFDAD-2214-4BD5-9CE6-C3264E4089AB}.Debug|Any CPU.Build.0 = Debug|Any CPU
		{548DFDAD-2214-4BD5-9CE6-C3264E4089AB}.Debug|ARM.ActiveCfg = Debug|Any CPU
		{548DFDAD-2214-4BD5-9CE6-C3264E4089AB}.Debug|ARM.Build.0 = Debug|Any CPU
		{548DFDAD-2214-4BD5-9CE6-C3264E4089AB}.Debug|x64.ActiveCfg = Debug|Any CPU
		{548DFDAD-2214-4BD5-9CE6-C3264E4089AB}.Debug|x64.Build.0 = Debug|Any CPU
		{548DFDAD-2214-4BD5-9CE6-C3264E4089AB}.Debug|x86.ActiveCfg = Debug|Any CPU
		{548DFDAD-2214-4BD5-9CE6-C3264E4089AB}.Debug|x86.Build.0 = Debug|Any CPU
		{548DFDAD-2214-4BD5-9CE6-C3264E4089AB}.Release|Any CPU.ActiveCfg = Release|Any CPU
		{548DFDAD-2214-4BD5-9CE6-C3264E4089AB}.Release|Any CPU.Build.0 = Release|Any CPU
		{548DFDAD-2214-4BD5-9CE6-C3264E4089AB}.Release|ARM.ActiveCfg = Release|Any CPU
		{548DFDAD-2214-4BD5-9CE6-C3264E4089AB}.Release|ARM.Build.0 = Release|Any CPU
		{548DFDAD-2214-4BD5-9CE6-C3264E4089AB}.Release|x64.ActiveCfg = Release|Any CPU
		{548DFDAD-2214-4BD5-9CE6-C3264E4089AB}.Release|x64.Build.0 = Release|Any CPU
		{548DFDAD-2214-4BD5-9CE6-C3264E4089AB}.Release|x86.ActiveCfg = Release|Any CPU
		{548DFDAD-2214-4BD5-9CE6-C3264E4089AB}.Release|x86.Build.0 = Release|Any CPU
		{1799EE42-505B-4B16-AB01-4C2C57D28EE1}.Debug|Any CPU.ActiveCfg = Debug|Any CPU
		{1799EE42-505B-4B16-AB01-4C2C57D28EE1}.Debug|Any CPU.Build.0 = Debug|Any CPU
		{1799EE42-505B-4B16-AB01-4C2C57D28EE1}.Debug|ARM.ActiveCfg = Debug|Any CPU
		{1799EE42-505B-4B16-AB01-4C2C57D28EE1}.Debug|ARM.Build.0 = Debug|Any CPU
		{1799EE42-505B-4B16-AB01-4C2C57D28EE1}.Debug|x64.ActiveCfg = Debug|Any CPU
		{1799EE42-505B-4B16-AB01-4C2C57D28EE1}.Debug|x64.Build.0 = Debug|Any CPU
		{1799EE42-505B-4B16-AB01-4C2C57D28EE1}.Debug|x86.ActiveCfg = Debug|Any CPU
		{1799EE42-505B-4B16-AB01-4C2C57D28EE1}.Debug|x86.Build.0 = Debug|Any CPU
		{1799EE42-505B-4B16-AB01-4C2C57D28EE1}.Release|Any CPU.ActiveCfg = Release|Any CPU
		{1799EE42-505B-4B16-AB01-4C2C57D28EE1}.Release|Any CPU.Build.0 = Release|Any CPU
		{1799EE42-505B-4B16-AB01-4C2C57D28EE1}.Release|ARM.ActiveCfg = Release|Any CPU
		{1799EE42-505B-4B16-AB01-4C2C57D28EE1}.Release|ARM.Build.0 = Release|Any CPU
		{1799EE42-505B-4B16-AB01-4C2C57D28EE1}.Release|x64.ActiveCfg = Release|Any CPU
		{1799EE42-505B-4B16-AB01-4C2C57D28EE1}.Release|x64.Build.0 = Release|Any CPU
		{1799EE42-505B-4B16-AB01-4C2C57D28EE1}.Release|x86.ActiveCfg = Release|Any CPU
		{1799EE42-505B-4B16-AB01-4C2C57D28EE1}.Release|x86.Build.0 = Release|Any CPU
		{E768475E-347E-401F-89F5-05C7E8B87032}.Debug|Any CPU.ActiveCfg = Debug|Any CPU
		{E768475E-347E-401F-89F5-05C7E8B87032}.Debug|Any CPU.Build.0 = Debug|Any CPU
		{E768475E-347E-401F-89F5-05C7E8B87032}.Debug|ARM.ActiveCfg = Debug|Any CPU
		{E768475E-347E-401F-89F5-05C7E8B87032}.Debug|ARM.Build.0 = Debug|Any CPU
		{E768475E-347E-401F-89F5-05C7E8B87032}.Debug|x64.ActiveCfg = Debug|Any CPU
		{E768475E-347E-401F-89F5-05C7E8B87032}.Debug|x64.Build.0 = Debug|Any CPU
		{E768475E-347E-401F-89F5-05C7E8B87032}.Debug|x86.ActiveCfg = Debug|Any CPU
		{E768475E-347E-401F-89F5-05C7E8B87032}.Debug|x86.Build.0 = Debug|Any CPU
		{E768475E-347E-401F-89F5-05C7E8B87032}.Release|Any CPU.ActiveCfg = Release|Any CPU
		{E768475E-347E-401F-89F5-05C7E8B87032}.Release|Any CPU.Build.0 = Release|Any CPU
		{E768475E-347E-401F-89F5-05C7E8B87032}.Release|ARM.ActiveCfg = Release|Any CPU
		{E768475E-347E-401F-89F5-05C7E8B87032}.Release|ARM.Build.0 = Release|Any CPU
		{E768475E-347E-401F-89F5-05C7E8B87032}.Release|x64.ActiveCfg = Release|Any CPU
		{E768475E-347E-401F-89F5-05C7E8B87032}.Release|x64.Build.0 = Release|Any CPU
		{E768475E-347E-401F-89F5-05C7E8B87032}.Release|x86.ActiveCfg = Release|Any CPU
		{E768475E-347E-401F-89F5-05C7E8B87032}.Release|x86.Build.0 = Release|Any CPU
		{9AD27AB4-D504-479D-BDA6-6DBB3A5C8BC7}.Debug|Any CPU.ActiveCfg = Debug|Any CPU
		{9AD27AB4-D504-479D-BDA6-6DBB3A5C8BC7}.Debug|Any CPU.Build.0 = Debug|Any CPU
		{9AD27AB4-D504-479D-BDA6-6DBB3A5C8BC7}.Debug|ARM.ActiveCfg = Debug|Any CPU
		{9AD27AB4-D504-479D-BDA6-6DBB3A5C8BC7}.Debug|ARM.Build.0 = Debug|Any CPU
		{9AD27AB4-D504-479D-BDA6-6DBB3A5C8BC7}.Debug|x64.ActiveCfg = Debug|Any CPU
		{9AD27AB4-D504-479D-BDA6-6DBB3A5C8BC7}.Debug|x64.Build.0 = Debug|Any CPU
		{9AD27AB4-D504-479D-BDA6-6DBB3A5C8BC7}.Debug|x86.ActiveCfg = Debug|Any CPU
		{9AD27AB4-D504-479D-BDA6-6DBB3A5C8BC7}.Debug|x86.Build.0 = Debug|Any CPU
		{9AD27AB4-D504-479D-BDA6-6DBB3A5C8BC7}.Release|Any CPU.ActiveCfg = Release|Any CPU
		{9AD27AB4-D504-479D-BDA6-6DBB3A5C8BC7}.Release|Any CPU.Build.0 = Release|Any CPU
		{9AD27AB4-D504-479D-BDA6-6DBB3A5C8BC7}.Release|ARM.ActiveCfg = Release|Any CPU
		{9AD27AB4-D504-479D-BDA6-6DBB3A5C8BC7}.Release|ARM.Build.0 = Release|Any CPU
		{9AD27AB4-D504-479D-BDA6-6DBB3A5C8BC7}.Release|x64.ActiveCfg = Release|Any CPU
		{9AD27AB4-D504-479D-BDA6-6DBB3A5C8BC7}.Release|x64.Build.0 = Release|Any CPU
		{9AD27AB4-D504-479D-BDA6-6DBB3A5C8BC7}.Release|x86.ActiveCfg = Release|Any CPU
		{9AD27AB4-D504-479D-BDA6-6DBB3A5C8BC7}.Release|x86.Build.0 = Release|Any CPU
		{ED7C6681-B4F7-4DB7-9DAA-7183BBDAEC3F}.Debug|Any CPU.ActiveCfg = Debug|Any CPU
		{ED7C6681-B4F7-4DB7-9DAA-7183BBDAEC3F}.Debug|Any CPU.Build.0 = Debug|Any CPU
		{ED7C6681-B4F7-4DB7-9DAA-7183BBDAEC3F}.Debug|ARM.ActiveCfg = Debug|Any CPU
		{ED7C6681-B4F7-4DB7-9DAA-7183BBDAEC3F}.Debug|ARM.Build.0 = Debug|Any CPU
		{ED7C6681-B4F7-4DB7-9DAA-7183BBDAEC3F}.Debug|x64.ActiveCfg = Debug|Any CPU
		{ED7C6681-B4F7-4DB7-9DAA-7183BBDAEC3F}.Debug|x64.Build.0 = Debug|Any CPU
		{ED7C6681-B4F7-4DB7-9DAA-7183BBDAEC3F}.Debug|x86.ActiveCfg = Debug|Any CPU
		{ED7C6681-B4F7-4DB7-9DAA-7183BBDAEC3F}.Debug|x86.Build.0 = Debug|Any CPU
		{ED7C6681-B4F7-4DB7-9DAA-7183BBDAEC3F}.Release|Any CPU.ActiveCfg = Release|Any CPU
		{ED7C6681-B4F7-4DB7-9DAA-7183BBDAEC3F}.Release|Any CPU.Build.0 = Release|Any CPU
		{ED7C6681-B4F7-4DB7-9DAA-7183BBDAEC3F}.Release|ARM.ActiveCfg = Release|Any CPU
		{ED7C6681-B4F7-4DB7-9DAA-7183BBDAEC3F}.Release|ARM.Build.0 = Release|Any CPU
		{ED7C6681-B4F7-4DB7-9DAA-7183BBDAEC3F}.Release|x64.ActiveCfg = Release|Any CPU
		{ED7C6681-B4F7-4DB7-9DAA-7183BBDAEC3F}.Release|x64.Build.0 = Release|Any CPU
		{ED7C6681-B4F7-4DB7-9DAA-7183BBDAEC3F}.Release|x86.ActiveCfg = Release|Any CPU
		{ED7C6681-B4F7-4DB7-9DAA-7183BBDAEC3F}.Release|x86.Build.0 = Release|Any CPU
		{50E2BD4A-4BB7-42DE-997A-E807F253D46F}.Debug|Any CPU.ActiveCfg = Debug|Any CPU
		{50E2BD4A-4BB7-42DE-997A-E807F253D46F}.Debug|Any CPU.Build.0 = Debug|Any CPU
		{50E2BD4A-4BB7-42DE-997A-E807F253D46F}.Debug|ARM.ActiveCfg = Debug|Any CPU
		{50E2BD4A-4BB7-42DE-997A-E807F253D46F}.Debug|ARM.Build.0 = Debug|Any CPU
		{50E2BD4A-4BB7-42DE-997A-E807F253D46F}.Debug|x64.ActiveCfg = Debug|Any CPU
		{50E2BD4A-4BB7-42DE-997A-E807F253D46F}.Debug|x64.Build.0 = Debug|Any CPU
		{50E2BD4A-4BB7-42DE-997A-E807F253D46F}.Debug|x86.ActiveCfg = Debug|Any CPU
		{50E2BD4A-4BB7-42DE-997A-E807F253D46F}.Debug|x86.Build.0 = Debug|Any CPU
		{50E2BD4A-4BB7-42DE-997A-E807F253D46F}.Release|Any CPU.ActiveCfg = Release|Any CPU
		{50E2BD4A-4BB7-42DE-997A-E807F253D46F}.Release|Any CPU.Build.0 = Release|Any CPU
		{50E2BD4A-4BB7-42DE-997A-E807F253D46F}.Release|ARM.ActiveCfg = Release|Any CPU
		{50E2BD4A-4BB7-42DE-997A-E807F253D46F}.Release|ARM.Build.0 = Release|Any CPU
		{50E2BD4A-4BB7-42DE-997A-E807F253D46F}.Release|x64.ActiveCfg = Release|Any CPU
		{50E2BD4A-4BB7-42DE-997A-E807F253D46F}.Release|x64.Build.0 = Release|Any CPU
		{50E2BD4A-4BB7-42DE-997A-E807F253D46F}.Release|x86.ActiveCfg = Release|Any CPU
		{50E2BD4A-4BB7-42DE-997A-E807F253D46F}.Release|x86.Build.0 = Release|Any CPU
		{E3D3BF71-3125-4C13-9559-3ADF7787DBFB}.Debug|Any CPU.ActiveCfg = Debug|Any CPU
		{E3D3BF71-3125-4C13-9559-3ADF7787DBFB}.Debug|Any CPU.Build.0 = Debug|Any CPU
		{E3D3BF71-3125-4C13-9559-3ADF7787DBFB}.Debug|ARM.ActiveCfg = Debug|Any CPU
		{E3D3BF71-3125-4C13-9559-3ADF7787DBFB}.Debug|ARM.Build.0 = Debug|Any CPU
		{E3D3BF71-3125-4C13-9559-3ADF7787DBFB}.Debug|x64.ActiveCfg = Debug|Any CPU
		{E3D3BF71-3125-4C13-9559-3ADF7787DBFB}.Debug|x64.Build.0 = Debug|Any CPU
		{E3D3BF71-3125-4C13-9559-3ADF7787DBFB}.Debug|x86.ActiveCfg = Debug|Any CPU
		{E3D3BF71-3125-4C13-9559-3ADF7787DBFB}.Debug|x86.Build.0 = Debug|Any CPU
		{E3D3BF71-3125-4C13-9559-3ADF7787DBFB}.Release|Any CPU.ActiveCfg = Release|Any CPU
		{E3D3BF71-3125-4C13-9559-3ADF7787DBFB}.Release|Any CPU.Build.0 = Release|Any CPU
		{E3D3BF71-3125-4C13-9559-3ADF7787DBFB}.Release|ARM.ActiveCfg = Release|Any CPU
		{E3D3BF71-3125-4C13-9559-3ADF7787DBFB}.Release|ARM.Build.0 = Release|Any CPU
		{E3D3BF71-3125-4C13-9559-3ADF7787DBFB}.Release|x64.ActiveCfg = Release|Any CPU
		{E3D3BF71-3125-4C13-9559-3ADF7787DBFB}.Release|x64.Build.0 = Release|Any CPU
		{E3D3BF71-3125-4C13-9559-3ADF7787DBFB}.Release|x86.ActiveCfg = Release|Any CPU
		{E3D3BF71-3125-4C13-9559-3ADF7787DBFB}.Release|x86.Build.0 = Release|Any CPU
		{7BD2CFC2-76B3-4A2C-B40A-AB4FFF21E5EB}.Debug|Any CPU.ActiveCfg = Debug|Any CPU
		{7BD2CFC2-76B3-4A2C-B40A-AB4FFF21E5EB}.Debug|Any CPU.Build.0 = Debug|Any CPU
		{7BD2CFC2-76B3-4A2C-B40A-AB4FFF21E5EB}.Debug|ARM.ActiveCfg = Debug|Any CPU
		{7BD2CFC2-76B3-4A2C-B40A-AB4FFF21E5EB}.Debug|ARM.Build.0 = Debug|Any CPU
		{7BD2CFC2-76B3-4A2C-B40A-AB4FFF21E5EB}.Debug|x64.ActiveCfg = Debug|Any CPU
		{7BD2CFC2-76B3-4A2C-B40A-AB4FFF21E5EB}.Debug|x64.Build.0 = Debug|Any CPU
		{7BD2CFC2-76B3-4A2C-B40A-AB4FFF21E5EB}.Debug|x86.ActiveCfg = Debug|Any CPU
		{7BD2CFC2-76B3-4A2C-B40A-AB4FFF21E5EB}.Debug|x86.Build.0 = Debug|Any CPU
		{7BD2CFC2-76B3-4A2C-B40A-AB4FFF21E5EB}.Release|Any CPU.ActiveCfg = Release|Any CPU
		{7BD2CFC2-76B3-4A2C-B40A-AB4FFF21E5EB}.Release|Any CPU.Build.0 = Release|Any CPU
		{7BD2CFC2-76B3-4A2C-B40A-AB4FFF21E5EB}.Release|ARM.ActiveCfg = Release|Any CPU
		{7BD2CFC2-76B3-4A2C-B40A-AB4FFF21E5EB}.Release|ARM.Build.0 = Release|Any CPU
		{7BD2CFC2-76B3-4A2C-B40A-AB4FFF21E5EB}.Release|x64.ActiveCfg = Release|Any CPU
		{7BD2CFC2-76B3-4A2C-B40A-AB4FFF21E5EB}.Release|x64.Build.0 = Release|Any CPU
		{7BD2CFC2-76B3-4A2C-B40A-AB4FFF21E5EB}.Release|x86.ActiveCfg = Release|Any CPU
		{7BD2CFC2-76B3-4A2C-B40A-AB4FFF21E5EB}.Release|x86.Build.0 = Release|Any CPU
		{FB30A687-6C77-4B84-B9DE-FFCF21CFBC30}.Debug|Any CPU.ActiveCfg = Debug|Any CPU
		{FB30A687-6C77-4B84-B9DE-FFCF21CFBC30}.Debug|Any CPU.Build.0 = Debug|Any CPU
		{FB30A687-6C77-4B84-B9DE-FFCF21CFBC30}.Debug|ARM.ActiveCfg = Debug|Any CPU
		{FB30A687-6C77-4B84-B9DE-FFCF21CFBC30}.Debug|ARM.Build.0 = Debug|Any CPU
		{FB30A687-6C77-4B84-B9DE-FFCF21CFBC30}.Debug|x64.ActiveCfg = Debug|Any CPU
		{FB30A687-6C77-4B84-B9DE-FFCF21CFBC30}.Debug|x64.Build.0 = Debug|Any CPU
		{FB30A687-6C77-4B84-B9DE-FFCF21CFBC30}.Debug|x86.ActiveCfg = Debug|Any CPU
		{FB30A687-6C77-4B84-B9DE-FFCF21CFBC30}.Debug|x86.Build.0 = Debug|Any CPU
		{FB30A687-6C77-4B84-B9DE-FFCF21CFBC30}.Release|Any CPU.ActiveCfg = Release|Any CPU
		{FB30A687-6C77-4B84-B9DE-FFCF21CFBC30}.Release|Any CPU.Build.0 = Release|Any CPU
		{FB30A687-6C77-4B84-B9DE-FFCF21CFBC30}.Release|ARM.ActiveCfg = Release|Any CPU
		{FB30A687-6C77-4B84-B9DE-FFCF21CFBC30}.Release|ARM.Build.0 = Release|Any CPU
		{FB30A687-6C77-4B84-B9DE-FFCF21CFBC30}.Release|x64.ActiveCfg = Release|Any CPU
		{FB30A687-6C77-4B84-B9DE-FFCF21CFBC30}.Release|x64.Build.0 = Release|Any CPU
		{FB30A687-6C77-4B84-B9DE-FFCF21CFBC30}.Release|x86.ActiveCfg = Release|Any CPU
		{FB30A687-6C77-4B84-B9DE-FFCF21CFBC30}.Release|x86.Build.0 = Release|Any CPU
		{794C6976-6673-4C05-B329-72DF6BD6F26B}.Debug|Any CPU.ActiveCfg = Debug|Any CPU
		{794C6976-6673-4C05-B329-72DF6BD6F26B}.Debug|Any CPU.Build.0 = Debug|Any CPU
		{794C6976-6673-4C05-B329-72DF6BD6F26B}.Debug|ARM.ActiveCfg = Debug|Any CPU
		{794C6976-6673-4C05-B329-72DF6BD6F26B}.Debug|ARM.Build.0 = Debug|Any CPU
		{794C6976-6673-4C05-B329-72DF6BD6F26B}.Debug|x64.ActiveCfg = Debug|Any CPU
		{794C6976-6673-4C05-B329-72DF6BD6F26B}.Debug|x64.Build.0 = Debug|Any CPU
		{794C6976-6673-4C05-B329-72DF6BD6F26B}.Debug|x86.ActiveCfg = Debug|Any CPU
		{794C6976-6673-4C05-B329-72DF6BD6F26B}.Debug|x86.Build.0 = Debug|Any CPU
		{794C6976-6673-4C05-B329-72DF6BD6F26B}.Release|Any CPU.ActiveCfg = Release|Any CPU
		{794C6976-6673-4C05-B329-72DF6BD6F26B}.Release|Any CPU.Build.0 = Release|Any CPU
		{794C6976-6673-4C05-B329-72DF6BD6F26B}.Release|ARM.ActiveCfg = Release|Any CPU
		{794C6976-6673-4C05-B329-72DF6BD6F26B}.Release|ARM.Build.0 = Release|Any CPU
		{794C6976-6673-4C05-B329-72DF6BD6F26B}.Release|x64.ActiveCfg = Release|Any CPU
		{794C6976-6673-4C05-B329-72DF6BD6F26B}.Release|x64.Build.0 = Release|Any CPU
		{794C6976-6673-4C05-B329-72DF6BD6F26B}.Release|x86.ActiveCfg = Release|Any CPU
		{794C6976-6673-4C05-B329-72DF6BD6F26B}.Release|x86.Build.0 = Release|Any CPU
		{5FF0CD97-5644-4CCE-86B0-E7BFEBFCBF92}.Debug|Any CPU.ActiveCfg = Debug|Any CPU
		{5FF0CD97-5644-4CCE-86B0-E7BFEBFCBF92}.Debug|Any CPU.Build.0 = Debug|Any CPU
		{5FF0CD97-5644-4CCE-86B0-E7BFEBFCBF92}.Debug|ARM.ActiveCfg = Debug|Any CPU
		{5FF0CD97-5644-4CCE-86B0-E7BFEBFCBF92}.Debug|ARM.Build.0 = Debug|Any CPU
		{5FF0CD97-5644-4CCE-86B0-E7BFEBFCBF92}.Debug|x64.ActiveCfg = Debug|Any CPU
		{5FF0CD97-5644-4CCE-86B0-E7BFEBFCBF92}.Debug|x64.Build.0 = Debug|Any CPU
		{5FF0CD97-5644-4CCE-86B0-E7BFEBFCBF92}.Debug|x86.ActiveCfg = Debug|Any CPU
		{5FF0CD97-5644-4CCE-86B0-E7BFEBFCBF92}.Debug|x86.Build.0 = Debug|Any CPU
		{5FF0CD97-5644-4CCE-86B0-E7BFEBFCBF92}.Release|Any CPU.ActiveCfg = Release|Any CPU
		{5FF0CD97-5644-4CCE-86B0-E7BFEBFCBF92}.Release|Any CPU.Build.0 = Release|Any CPU
		{5FF0CD97-5644-4CCE-86B0-E7BFEBFCBF92}.Release|ARM.ActiveCfg = Release|Any CPU
		{5FF0CD97-5644-4CCE-86B0-E7BFEBFCBF92}.Release|ARM.Build.0 = Release|Any CPU
		{5FF0CD97-5644-4CCE-86B0-E7BFEBFCBF92}.Release|x64.ActiveCfg = Release|Any CPU
		{5FF0CD97-5644-4CCE-86B0-E7BFEBFCBF92}.Release|x64.Build.0 = Release|Any CPU
		{5FF0CD97-5644-4CCE-86B0-E7BFEBFCBF92}.Release|x86.ActiveCfg = Release|Any CPU
		{5FF0CD97-5644-4CCE-86B0-E7BFEBFCBF92}.Release|x86.Build.0 = Release|Any CPU
		{198B65EF-4970-47A1-A151-6ABED93B19C5}.Debug|Any CPU.ActiveCfg = Debug|Any CPU
		{198B65EF-4970-47A1-A151-6ABED93B19C5}.Debug|Any CPU.Build.0 = Debug|Any CPU
		{198B65EF-4970-47A1-A151-6ABED93B19C5}.Debug|ARM.ActiveCfg = Debug|Any CPU
		{198B65EF-4970-47A1-A151-6ABED93B19C5}.Debug|ARM.Build.0 = Debug|Any CPU
		{198B65EF-4970-47A1-A151-6ABED93B19C5}.Debug|x64.ActiveCfg = Debug|Any CPU
		{198B65EF-4970-47A1-A151-6ABED93B19C5}.Debug|x64.Build.0 = Debug|Any CPU
		{198B65EF-4970-47A1-A151-6ABED93B19C5}.Debug|x86.ActiveCfg = Debug|Any CPU
		{198B65EF-4970-47A1-A151-6ABED93B19C5}.Debug|x86.Build.0 = Debug|Any CPU
		{198B65EF-4970-47A1-A151-6ABED93B19C5}.Release|Any CPU.ActiveCfg = Release|Any CPU
		{198B65EF-4970-47A1-A151-6ABED93B19C5}.Release|Any CPU.Build.0 = Release|Any CPU
		{198B65EF-4970-47A1-A151-6ABED93B19C5}.Release|ARM.ActiveCfg = Release|Any CPU
		{198B65EF-4970-47A1-A151-6ABED93B19C5}.Release|ARM.Build.0 = Release|Any CPU
		{198B65EF-4970-47A1-A151-6ABED93B19C5}.Release|x64.ActiveCfg = Release|Any CPU
		{198B65EF-4970-47A1-A151-6ABED93B19C5}.Release|x64.Build.0 = Release|Any CPU
		{198B65EF-4970-47A1-A151-6ABED93B19C5}.Release|x86.ActiveCfg = Release|Any CPU
		{198B65EF-4970-47A1-A151-6ABED93B19C5}.Release|x86.Build.0 = Release|Any CPU
	EndGlobalSection
	GlobalSection(SolutionProperties) = preSolution
		HideSolutionNode = FALSE
	EndGlobalSection
EndGlobal
